PODS:
  - ESTabBarController (0.2)
  - SpreadsheetView (0.8.4)
  - TransitionableTab (0.1.2)

DEPENDENCIES:
  - ESTabBarController
  - SpreadsheetView
  - TransitionableTab (~> 0.1.2)

SPEC REPOS:
  https://github.com/cocoapods/specs.git:
    - ESTabBarController
    - SpreadsheetView
    - TransitionableTab

SPEC CHECKSUMS:
  ESTabBarController: e82ac0b135bec16fb646ac1da4ac8953fcd927da
  SpreadsheetView: 17c55b6dc82099993cc2ceb818248d19f3220998
  TransitionableTab: 2c4af884ff0048b560269245ab6880bd5db67c5e

PODFILE CHECKSUM: 51d23bd03f3b833ca23e3b5c6ee6ea08b27b2791

COCOAPODS: 1.5.3
